
Microsoft Visual Studio Solution File, Format Version 11.00
# Visual Studio 2010
Project("{FAE04EC0-301F-11D3-BF4B-00C04F79EFBC}") = "Jump Game", "Assembly-CSharp-firstpass.csproj", "{E97D9DF5-A23D-3ADD-F61A-B81AB05DC0C1}"
EndProject
Project("{FAE04EC0-301F-11D3-BF4B-00C04F79EFBC}") = "Jump Game", "Assembly-CSharp.csproj", "{69227BFF-829B-FD7D-6CAE-4D63AC158D36}"
EndProject
Project("{FAE04EC0-301F-11D3-BF4B-00C04F79EFBC}") = "Jump Game", "Assembly-CSharp-Editor-firstpass.csproj", "{7B8D7DCD-82F8-5DBB-001A-60C134E79529}"
EndProject
Global
	GlobalSection(SolutionConfigurationPlatforms) = preSolution
		Debug|Any CPU = Debug|Any CPU
		Release|Any CPU = Release|Any CPU
	EndGlobalSection
	GlobalSection(ProjectConfigurationPlatforms) = postSolution
		{E97D9DF5-A23D-3ADD-F61A-B81AB05DC0C1}.Debug|Any CPU.ActiveCfg = Debug|Any CPU
		{E97D9DF5-A23D-3ADD-F61A-B81AB05DC0C1}.Debug|Any CPU.Build.0 = Debug|Any CPU
		{E97D9DF5-A23D-3ADD-F61A-B81AB05DC0C1}.Release|Any CPU.ActiveCfg = Release|Any CPU
		{E97D9DF5-A23D-3ADD-F61A-B81AB05DC0C1}.Release|Any CPU.Build.0 = Release|Any CPU
		{69227BFF-829B-FD7D-6CAE-4D63AC158D36}.Debug|Any CPU.ActiveCfg = Debug|Any CPU
		{69227BFF-829B-FD7D-6CAE-4D63AC158D36}.Debug|Any CPU.Build.0 = Debug|Any CPU
		{69227BFF-829B-FD7D-6CAE-4D63AC158D36}.Release|Any CPU.ActiveCfg = Release|Any CPU
		{69227BFF-829B-FD7D-6CAE-4D63AC158D36}.Release|Any CPU.Build.0 = Release|Any CPU
		{7B8D7DCD-82F8-5DBB-001A-60C134E79529}.Debug|Any CPU.ActiveCfg = Debug|Any CPU
		{7B8D7DCD-82F8-5DBB-001A-60C134E79529}.Debug|Any CPU.Build.0 = Debug|Any CPU
		{7B8D7DCD-82F8-5DBB-001A-60C134E79529}.Release|Any CPU.ActiveCfg = Release|Any CPU
		{7B8D7DCD-82F8-5DBB-001A-60C134E79529}.Release|Any CPU.Build.0 = Release|Any CPU
	EndGlobalSection
	GlobalSection(SolutionProperties) = preSolution
		HideSolutionNode = FALSE
	EndGlobalSection
	GlobalSection(MonoDevelopProperties) = preSolution
		StartupItem = Assembly-CSharp.csproj
	EndGlobalSection
EndGlobal
